// !$*UTF8*$!
{
	archiveVersion = 1;
	classes = {
	};
	objectVersion = 56;
	objects = {

/* Begin PBXBuildFile section */
		C2037C122B2E1CFC007FC7C1 /* BookingHotelTestAppApp.swift in Sources */ = {isa = PBXBuildFile; fileRef = C2037C112B2E1CFC007FC7C1 /* BookingHotelTestAppApp.swift */; };
		C2037C142B2E1CFC007FC7C1 /* ContentView.swift in Sources */ = {isa = PBXBuildFile; fileRef = C2037C132B2E1CFC007FC7C1 /* ContentView.swift */; };
		C2037C192B2E1CFE007FC7C1 /* Preview Assets.xcassets in Resources */ = {isa = PBXBuildFile; fileRef = C2037C182B2E1CFE007FC7C1 /* Preview Assets.xcassets */; };
		C2037C202B2E292D007FC7C1 /* HotelView.swift in Sources */ = {isa = PBXBuildFile; fileRef = C2037C1F2B2E292D007FC7C1 /* HotelView.swift */; };
		C2037C232B2E2C2F007FC7C1 /* Carousel.swift in Sources */ = {isa = PBXBuildFile; fileRef = C2037C222B2E2C2E007FC7C1 /* Carousel.swift */; };
		C2037C252B2E2EBF007FC7C1 /* NetworkManager.swift in Sources */ = {isa = PBXBuildFile; fileRef = C2037C242B2E2EBF007FC7C1 /* NetworkManager.swift */; };
		C2037C272B2E2EF6007FC7C1 /* HotelModel.swift in Sources */ = {isa = PBXBuildFile; fileRef = C2037C262B2E2EF6007FC7C1 /* HotelModel.swift */; };
		C2037C292B2E3186007FC7C1 /* BookingErrors.swift in Sources */ = {isa = PBXBuildFile; fileRef = C2037C282B2E3186007FC7C1 /* BookingErrors.swift */; };
		C21DD2672B34796E00FBDD1B /* RoomView.swift in Sources */ = {isa = PBXBuildFile; fileRef = C21DD2662B34796E00FBDD1B /* RoomView.swift */; };
		C22ACA142B3756CD008364D5 /* AboutHotelBlock.swift in Sources */ = {isa = PBXBuildFile; fileRef = C22ACA132B3756CD008364D5 /* AboutHotelBlock.swift */; };
		C22ACA182B378428008364D5 /* TouristViewTextFieldCell.swift in Sources */ = {isa = PBXBuildFile; fileRef = C22ACA172B378428008364D5 /* TouristViewTextFieldCell.swift */; };
		C22ACA1A2B38990A008364D5 /* CustomDisclosureView.swift in Sources */ = {isa = PBXBuildFile; fileRef = C22ACA192B38990A008364D5 /* CustomDisclosureView.swift */; };
		C22ACA1C2B38DDB2008364D5 /* ArrivalTable.swift in Sources */ = {isa = PBXBuildFile; fileRef = C22ACA1B2B38DDB2008364D5 /* ArrivalTable.swift */; };
		C22ACA1E2B38EAA7008364D5 /* BookingModel.swift in Sources */ = {isa = PBXBuildFile; fileRef = C22ACA1D2B38EAA7008364D5 /* BookingModel.swift */; };
		C22ACA222B38F52A008364D5 /* PriceTable.swift in Sources */ = {isa = PBXBuildFile; fileRef = C22ACA212B38F52A008364D5 /* PriceTable.swift */; };
		C22ACA242B38FC7E008364D5 /* Assets.xcassets in Resources */ = {isa = PBXBuildFile; fileRef = C22ACA232B38FC7E008364D5 /* Assets.xcassets */; };
		C26E4EF72B32FD1F006820FD /* BlueButtonView.swift in Sources */ = {isa = PBXBuildFile; fileRef = C26E4EF62B32FD1F006820FD /* BlueButtonView.swift */; };
		C26E4EF92B33A4E0006820FD /* HotelViewModel.swift in Sources */ = {isa = PBXBuildFile; fileRef = C26E4EF82B33A4E0006820FD /* HotelViewModel.swift */; };
		C26E4EFB2B33A95B006820FD /* SpinnerView.swift in Sources */ = {isa = PBXBuildFile; fileRef = C26E4EFA2B33A95B006820FD /* SpinnerView.swift */; };
		C2ACAD132B34B04C001ACD46 /* RoomModel.swift in Sources */ = {isa = PBXBuildFile; fileRef = C2ACAD122B34B04C001ACD46 /* RoomModel.swift */; };
		C2ACAD152B34B322001ACD46 /* RoomViewModel.swift in Sources */ = {isa = PBXBuildFile; fileRef = C2ACAD142B34B322001ACD46 /* RoomViewModel.swift */; };
		C2ACAD172B34B5D4001ACD46 /* RoomCell.swift in Sources */ = {isa = PBXBuildFile; fileRef = C2ACAD162B34B5D4001ACD46 /* RoomCell.swift */; };
		C2ACAD192B34DCAD001ACD46 /* InfoAboutHotelCellView.swift in Sources */ = {isa = PBXBuildFile; fileRef = C2ACAD182B34DCAD001ACD46 /* InfoAboutHotelCellView.swift */; };
		C2ACAD1D2B3581D1001ACD46 /* Booking.swift in Sources */ = {isa = PBXBuildFile; fileRef = C2ACAD1C2B3581D1001ACD46 /* Booking.swift */; };
		C2ACAD1F2B35A5A2001ACD46 /* TouristView.swift in Sources */ = {isa = PBXBuildFile; fileRef = C2ACAD1E2B35A5A2001ACD46 /* TouristView.swift */; };
		C2ACAD212B35A8E1001ACD46 /* CustomList.swift in Sources */ = {isa = PBXBuildFile; fileRef = C2ACAD202B35A8E1001ACD46 /* CustomList.swift */; };
		C2C4DF2B2B398CAB005E27B9 /* BookingViewModel.swift in Sources */ = {isa = PBXBuildFile; fileRef = C2C4DF2A2B398CAB005E27B9 /* BookingViewModel.swift */; };
		C2C4DF2D2B39DFBE005E27B9 /* CustomTextField.swift in Sources */ = {isa = PBXBuildFile; fileRef = C2C4DF2C2B39DFBE005E27B9 /* CustomTextField.swift */; };
		C2CB6FFC2B3CA43400921BC5 /* Coordinator.swift in Sources */ = {isa = PBXBuildFile; fileRef = C2CB6FFB2B3CA43300921BC5 /* Coordinator.swift */; };
		C2CB6FFE2B3CA94200921BC5 /* EmptyState.swift in Sources */ = {isa = PBXBuildFile; fileRef = C2CB6FFD2B3CA94200921BC5 /* EmptyState.swift */; };
		C2DC54AC2B2F3A3D00C92C23 /* StarsCell.swift in Sources */ = {isa = PBXBuildFile; fileRef = C2DC54AB2B2F3A3D00C92C23 /* StarsCell.swift */; };
		C2DC54B42B324FD300C92C23 /* InfoAboutHotelCell.swift in Sources */ = {isa = PBXBuildFile; fileRef = C2DC54B32B324FD300C92C23 /* InfoAboutHotelCell.swift */; };
		C2DC54B62B32561A00C92C23 /* HotelDetailButtons.swift in Sources */ = {isa = PBXBuildFile; fileRef = C2DC54B52B32561A00C92C23 /* HotelDetailButtons.swift */; };
/* End PBXBuildFile section */

/* Begin PBXFileReference section */
		C2037C0E2B2E1CFC007FC7C1 /* BookingHotelTestApp.app */ = {isa = PBXFileReference; explicitFileType = wrapper.application; includeInIndex = 0; path = BookingHotelTestApp.app; sourceTree = BUILT_PRODUCTS_DIR; };
		C2037C112B2E1CFC007FC7C1 /* BookingHotelTestAppApp.swift */ = {isa = PBXFileReference; lastKnownFileType = sourcecode.swift; path = BookingHotelTestAppApp.swift; sourceTree = "<group>"; };
		C2037C132B2E1CFC007FC7C1 /* ContentView.swift */ = {isa = PBXFileReference; lastKnownFileType = sourcecode.swift; path = ContentView.swift; sourceTree = "<group>"; };
		C2037C182B2E1CFE007FC7C1 /* Preview Assets.xcassets */ = {isa = PBXFileReference; lastKnownFileType = folder.assetcatalog; path = "Preview Assets.xcassets"; sourceTree = "<group>"; };
		C2037C1F2B2E292D007FC7C1 /* HotelView.swift */ = {isa = PBXFileReference; lastKnownFileType = sourcecode.swift; path = HotelView.swift; sourceTree = "<group>"; };
		C2037C222B2E2C2E007FC7C1 /* Carousel.swift */ = {isa = PBXFileReference; lastKnownFileType = sourcecode.swift; path = Carousel.swift; sourceTree = "<group>"; };
		C2037C242B2E2EBF007FC7C1 /* NetworkManager.swift */ = {isa = PBXFileReference; lastKnownFileType = sourcecode.swift; path = NetworkManager.swift; sourceTree = "<group>"; };
		C2037C262B2E2EF6007FC7C1 /* HotelModel.swift */ = {isa = PBXFileReference; lastKnownFileType = sourcecode.swift; path = HotelModel.swift; sourceTree = "<group>"; };
		C2037C282B2E3186007FC7C1 /* BookingErrors.swift */ = {isa = PBXFileReference; lastKnownFileType = sourcecode.swift; path = BookingErrors.swift; sourceTree = "<group>"; };
		C21DD2662B34796E00FBDD1B /* RoomView.swift */ = {isa = PBXFileReference; lastKnownFileType = sourcecode.swift; path = RoomView.swift; sourceTree = "<group>"; };
		C22ACA132B3756CD008364D5 /* AboutHotelBlock.swift */ = {isa = PBXFileReference; lastKnownFileType = sourcecode.swift; path = AboutHotelBlock.swift; sourceTree = "<group>"; };
		C22ACA172B378428008364D5 /* TouristViewTextFieldCell.swift */ = {isa = PBXFileReference; lastKnownFileType = sourcecode.swift; path = TouristViewTextFieldCell.swift; sourceTree = "<group>"; };
		C22ACA192B38990A008364D5 /* CustomDisclosureView.swift */ = {isa = PBXFileReference; lastKnownFileType = sourcecode.swift; path = CustomDisclosureView.swift; sourceTree = "<group>"; };
		C22ACA1B2B38DDB2008364D5 /* ArrivalTable.swift */ = {isa = PBXFileReference; lastKnownFileType = sourcecode.swift; path = ArrivalTable.swift; sourceTree = "<group>"; };
		C22ACA1D2B38EAA7008364D5 /* BookingModel.swift */ = {isa = PBXFileReference; lastKnownFileType = sourcecode.swift; path = BookingModel.swift; sourceTree = "<group>"; };
		C22ACA212B38F52A008364D5 /* PriceTable.swift */ = {isa = PBXFileReference; lastKnownFileType = sourcecode.swift; path = PriceTable.swift; sourceTree = "<group>"; };
		C22ACA232B38FC7E008364D5 /* Assets.xcassets */ = {isa = PBXFileReference; lastKnownFileType = folder.assetcatalog; path = Assets.xcassets; sourceTree = "<group>"; };
		C26E4EF62B32FD1F006820FD /* BlueButtonView.swift */ = {isa = PBXFileReference; lastKnownFileType = sourcecode.swift; path = BlueButtonView.swift; sourceTree = "<group>"; };
		C26E4EF82B33A4E0006820FD /* HotelViewModel.swift */ = {isa = PBXFileReference; lastKnownFileType = sourcecode.swift; path = HotelViewModel.swift; sourceTree = "<group>"; };
		C26E4EFA2B33A95B006820FD /* SpinnerView.swift */ = {isa = PBXFileReference; lastKnownFileType = sourcecode.swift; path = SpinnerView.swift; sourceTree = "<group>"; };
		C2ACAD122B34B04C001ACD46 /* RoomModel.swift */ = {isa = PBXFileReference; lastKnownFileType = sourcecode.swift; path = RoomModel.swift; sourceTree = "<group>"; };
		C2ACAD142B34B322001ACD46 /* RoomViewModel.swift */ = {isa = PBXFileReference; lastKnownFileType = sourcecode.swift; path = RoomViewModel.swift; sourceTree = "<group>"; };
		C2ACAD162B34B5D4001ACD46 /* RoomCell.swift */ = {isa = PBXFileReference; lastKnownFileType = sourcecode.swift; path = RoomCell.swift; sourceTree = "<group>"; };
		C2ACAD182B34DCAD001ACD46 /* InfoAboutHotelCellView.swift */ = {isa = PBXFileReference; lastKnownFileType = sourcecode.swift; path = InfoAboutHotelCellView.swift; sourceTree = "<group>"; };
		C2ACAD1C2B3581D1001ACD46 /* Booking.swift */ = {isa = PBXFileReference; lastKnownFileType = sourcecode.swift; path = Booking.swift; sourceTree = "<group>"; };
		C2ACAD1E2B35A5A2001ACD46 /* TouristView.swift */ = {isa = PBXFileReference; lastKnownFileType = sourcecode.swift; path = TouristView.swift; sourceTree = "<group>"; };
		C2ACAD202B35A8E1001ACD46 /* CustomList.swift */ = {isa = PBXFileReference; lastKnownFileType = sourcecode.swift; path = CustomList.swift; sourceTree = "<group>"; };
		C2C4DF2A2B398CAB005E27B9 /* BookingViewModel.swift */ = {isa = PBXFileReference; lastKnownFileType = sourcecode.swift; path = BookingViewModel.swift; sourceTree = "<group>"; };
		C2C4DF2C2B39DFBE005E27B9 /* CustomTextField.swift */ = {isa = PBXFileReference; lastKnownFileType = sourcecode.swift; path = CustomTextField.swift; sourceTree = "<group>"; };
		C2CB6FFB2B3CA43300921BC5 /* Coordinator.swift */ = {isa = PBXFileReference; lastKnownFileType = sourcecode.swift; path = Coordinator.swift; sourceTree = "<group>"; };
		C2CB6FFD2B3CA94200921BC5 /* EmptyState.swift */ = {isa = PBXFileReference; lastKnownFileType = sourcecode.swift; path = EmptyState.swift; sourceTree = "<group>"; };
		C2DC54AB2B2F3A3D00C92C23 /* StarsCell.swift */ = {isa = PBXFileReference; lastKnownFileType = sourcecode.swift; path = StarsCell.swift; sourceTree = "<group>"; };
		C2DC54B32B324FD300C92C23 /* InfoAboutHotelCell.swift */ = {isa = PBXFileReference; lastKnownFileType = sourcecode.swift; path = InfoAboutHotelCell.swift; sourceTree = "<group>"; };
		C2DC54B52B32561A00C92C23 /* HotelDetailButtons.swift */ = {isa = PBXFileReference; lastKnownFileType = sourcecode.swift; path = HotelDetailButtons.swift; sourceTree = "<group>"; };
		C2F554572B3B3EE100F5C90B /* MyPlayground.playground */ = {isa = PBXFileReference; lastKnownFileType = file.playground; path = MyPlayground.playground; sourceTree = "<group>"; xcLanguageSpecificationIdentifier = xcode.lang.swift; };
/* End PBXFileReference section */

/* Begin PBXFrameworksBuildPhase section */
		C2037C0B2B2E1CFC007FC7C1 /* Frameworks */ = {
			isa = PBXFrameworksBuildPhase;
			buildActionMask = 2147483647;
			files = (
			);
			runOnlyForDeploymentPostprocessing = 0;
		};
/* End PBXFrameworksBuildPhase section */

/* Begin PBXGroup section */
		C2037C052B2E1CFC007FC7C1 = {
			isa = PBXGroup;
			children = (
				C2037C102B2E1CFC007FC7C1 /* BookingHotelTestApp */,
				C2037C0F2B2E1CFC007FC7C1 /* Products */,
			);
			sourceTree = "<group>";
		};
		C2037C0F2B2E1CFC007FC7C1 /* Products */ = {
			isa = PBXGroup;
			children = (
				C2037C0E2B2E1CFC007FC7C1 /* BookingHotelTestApp.app */,
			);
			name = Products;
			sourceTree = "<group>";
		};
		C2037C102B2E1CFC007FC7C1 /* BookingHotelTestApp */ = {
			isa = PBXGroup;
			children = (
				C2037C212B2E293B007FC7C1 /* HotelModule */,
				C21DD2652B34794600FBDD1B /* RoomModule */,
				C21105352B3C73D700BA5F3A /* BookingModule */,
				C21DD2642B34790200FBDD1B /* Managers */,
				C21DD2622B34787A00FBDD1B /* Errors */,
				C21DD2612B3477F200FBDD1B /* CustomViews */,
				C2037C112B2E1CFC007FC7C1 /* BookingHotelTestAppApp.swift */,
				C2037C132B2E1CFC007FC7C1 /* ContentView.swift */,
				C2037C172B2E1CFE007FC7C1 /* Preview Content */,
				C22ACA232B38FC7E008364D5 /* Assets.xcassets */,
				C2F554572B3B3EE100F5C90B /* MyPlayground.playground */,
			);
			path = BookingHotelTestApp;
			sourceTree = "<group>";
		};
		C2037C172B2E1CFE007FC7C1 /* Preview Content */ = {
			isa = PBXGroup;
			children = (
				C2037C182B2E1CFE007FC7C1 /* Preview Assets.xcassets */,
			);
			path = "Preview Content";
			sourceTree = "<group>";
		};
		C2037C212B2E293B007FC7C1 /* HotelModule */ = {
			isa = PBXGroup;
			children = (
				C21DD2632B3478E000FBDD1B /* Model */,
				C2037C1F2B2E292D007FC7C1 /* HotelView.swift */,
				C26E4EF82B33A4E0006820FD /* HotelViewModel.swift */,
			);
			path = HotelModule;
			sourceTree = "<group>";
		};
		C21105352B3C73D700BA5F3A /* BookingModule */ = {
			isa = PBXGroup;
			children = (
				C21105382B3C74BD00BA5F3A /* SubViews */,
				C21105372B3C743E00BA5F3A /* Model */,
				C2ACAD1C2B3581D1001ACD46 /* Booking.swift */,
				C2C4DF2A2B398CAB005E27B9 /* BookingViewModel.swift */,
			);
			path = BookingModule;
			sourceTree = "<group>";
		};
		C21105362B3C742D00BA5F3A /* Model */ = {
			isa = PBXGroup;
			children = (
				C2ACAD122B34B04C001ACD46 /* RoomModel.swift */,
			);
			path = Model;
			sourceTree = "<group>";
		};
		C21105372B3C743E00BA5F3A /* Model */ = {
			isa = PBXGroup;
			children = (
				C22ACA1D2B38EAA7008364D5 /* BookingModel.swift */,
			);
			path = Model;
			sourceTree = "<group>";
		};
		C21105382B3C74BD00BA5F3A /* SubViews */ = {
			isa = PBXGroup;
			children = (
				C2ACAD1E2B35A5A2001ACD46 /* TouristView.swift */,
				C22ACA132B3756CD008364D5 /* AboutHotelBlock.swift */,
				C22ACA172B378428008364D5 /* TouristViewTextFieldCell.swift */,
				C22ACA1B2B38DDB2008364D5 /* ArrivalTable.swift */,
				C22ACA212B38F52A008364D5 /* PriceTable.swift */,
			);
			path = SubViews;
			sourceTree = "<group>";
		};
		C21DD2612B3477F200FBDD1B /* CustomViews */ = {
			isa = PBXGroup;
			children = (
				C26E4EF52B32FCFD006820FD /* Buttons */,
				C2DC54AB2B2F3A3D00C92C23 /* StarsCell.swift */,
				C2CB6FFD2B3CA94200921BC5 /* EmptyState.swift */,
				C2ACAD202B35A8E1001ACD46 /* CustomList.swift */,
				C22ACA192B38990A008364D5 /* CustomDisclosureView.swift */,
				C2C4DF2C2B39DFBE005E27B9 /* CustomTextField.swift */,
				C26E4EFA2B33A95B006820FD /* SpinnerView.swift */,
				C2037C222B2E2C2E007FC7C1 /* Carousel.swift */,
				C2DC54B32B324FD300C92C23 /* InfoAboutHotelCell.swift */,
				C2ACAD182B34DCAD001ACD46 /* InfoAboutHotelCellView.swift */,
			);
			path = CustomViews;
			sourceTree = "<group>";
		};
		C21DD2622B34787A00FBDD1B /* Errors */ = {
			isa = PBXGroup;
			children = (
				C2037C282B2E3186007FC7C1 /* BookingErrors.swift */,
			);
			path = Errors;
			sourceTree = "<group>";
		};
		C21DD2632B3478E000FBDD1B /* Model */ = {
			isa = PBXGroup;
			children = (
				C2037C262B2E2EF6007FC7C1 /* HotelModel.swift */,
			);
			path = Model;
			sourceTree = "<group>";
		};
		C21DD2642B34790200FBDD1B /* Managers */ = {
			isa = PBXGroup;
			children = (
				C2CB6FFB2B3CA43300921BC5 /* Coordinator.swift */,
				C2037C242B2E2EBF007FC7C1 /* NetworkManager.swift */,
			);
			path = Managers;
			sourceTree = "<group>";
		};
		C21DD2652B34794600FBDD1B /* RoomModule */ = {
			isa = PBXGroup;
			children = (
				C21105362B3C742D00BA5F3A /* Model */,
				C2CB6FFF2B3CC08C00921BC5 /* SubViews */,
				C21DD2662B34796E00FBDD1B /* RoomView.swift */,
				C2ACAD142B34B322001ACD46 /* RoomViewModel.swift */,
			);
			path = RoomModule;
			sourceTree = "<group>";
		};
		C26E4EF52B32FCFD006820FD /* Buttons */ = {
			isa = PBXGroup;
			children = (
				C26E4EF62B32FD1F006820FD /* BlueButtonView.swift */,
				C2DC54B52B32561A00C92C23 /* HotelDetailButtons.swift */,
			);
			path = Buttons;
			sourceTree = "<group>";
		};
		C2CB6FFF2B3CC08C00921BC5 /* SubViews */ = {
			isa = PBXGroup;
			children = (
				C2ACAD162B34B5D4001ACD46 /* RoomCell.swift */,
			);
			path = SubViews;
			sourceTree = "<group>";
		};
/* End PBXGroup section */

/* Begin PBXNativeTarget section */
		C2037C0D2B2E1CFC007FC7C1 /* BookingHotelTestApp */ = {
			isa = PBXNativeTarget;
			buildConfigurationList = C2037C1C2B2E1CFE007FC7C1 /* Build configuration list for PBXNativeTarget "BookingHotelTestApp" */;
			buildPhases = (
				C2037C0A2B2E1CFC007FC7C1 /* Sources */,
				C2037C0B2B2E1CFC007FC7C1 /* Frameworks */,
				C2037C0C2B2E1CFC007FC7C1 /* Resources */,
			);
			buildRules = (
			);
			dependencies = (
			);
			name = BookingHotelTestApp;
			productName = BookingHotelTestApp;
			productReference = C2037C0E2B2E1CFC007FC7C1 /* BookingHotelTestApp.app */;
			productType = "com.apple.product-type.application";
		};
/* End PBXNativeTarget section */

/* Begin PBXProject section */
		C2037C062B2E1CFC007FC7C1 /* Project object */ = {
			isa = PBXProject;
			attributes = {
				BuildIndependentTargetsInParallel = 1;
				LastSwiftUpdateCheck = 1510;
				LastUpgradeCheck = 1510;
				TargetAttributes = {
					C2037C0D2B2E1CFC007FC7C1 = {
						CreatedOnToolsVersion = 15.1;
					};
				};
			};
			buildConfigurationList = C2037C092B2E1CFC007FC7C1 /* Build configuration list for PBXProject "BookingHotelTestApp" */;
			compatibilityVersion = "Xcode 14.0";
			developmentRegion = en;
			hasScannedForEncodings = 0;
			knownRegions = (
				en,
				Base,
			);
			mainGroup = C2037C052B2E1CFC007FC7C1;
			productRefGroup = C2037C0F2B2E1CFC007FC7C1 /* Products */;
			projectDirPath = "";
			projectRoot = "";
			targets = (
				C2037C0D2B2E1CFC007FC7C1 /* BookingHotelTestApp */,
			);
		};
/* End PBXProject section */

/* Begin PBXResourcesBuildPhase section */
		C2037C0C2B2E1CFC007FC7C1 /* Resources */ = {
			isa = PBXResourcesBuildPhase;
			buildActionMask = 2147483647;
			files = (
				C22ACA242B38FC7E008364D5 /* Assets.xcassets in Resources */,
				C2037C192B2E1CFE007FC7C1 /* Preview Assets.xcassets in Resources */,
			);
			runOnlyForDeploymentPostprocessing = 0;
		};
/* End PBXResourcesBuildPhase section */

/* Begin PBXSourcesBuildPhase section */
		C2037C0A2B2E1CFC007FC7C1 /* Sources */ = {
			isa = PBXSourcesBuildPhase;
			buildActionMask = 2147483647;
			files = (
				C26E4EFB2B33A95B006820FD /* SpinnerView.swift in Sources */,
				C2037C142B2E1CFC007FC7C1 /* ContentView.swift in Sources */,
				C2CB6FFC2B3CA43400921BC5 /* Coordinator.swift in Sources */,
				C2ACAD132B34B04C001ACD46 /* RoomModel.swift in Sources */,
				C2ACAD1F2B35A5A2001ACD46 /* TouristView.swift in Sources */,
				C2037C122B2E1CFC007FC7C1 /* BookingHotelTestAppApp.swift in Sources */,
				C22ACA1A2B38990A008364D5 /* CustomDisclosureView.swift in Sources */,
				C22ACA142B3756CD008364D5 /* AboutHotelBlock.swift in Sources */,
				C21DD2672B34796E00FBDD1B /* RoomView.swift in Sources */,
				C2DC54B42B324FD300C92C23 /* InfoAboutHotelCell.swift in Sources */,
				C26E4EF92B33A4E0006820FD /* HotelViewModel.swift in Sources */,
				C2ACAD212B35A8E1001ACD46 /* CustomList.swift in Sources */,
				C2C4DF2D2B39DFBE005E27B9 /* CustomTextField.swift in Sources */,
				C2ACAD192B34DCAD001ACD46 /* InfoAboutHotelCellView.swift in Sources */,
				C2CB6FFE2B3CA94200921BC5 /* EmptyState.swift in Sources */,
				C2ACAD152B34B322001ACD46 /* RoomViewModel.swift in Sources */,
				C2ACAD1D2B3581D1001ACD46 /* Booking.swift in Sources */,
				C22ACA222B38F52A008364D5 /* PriceTable.swift in Sources */,
				C2C4DF2B2B398CAB005E27B9 /* BookingViewModel.swift in Sources */,
				C2037C252B2E2EBF007FC7C1 /* NetworkManager.swift in Sources */,
				C2037C202B2E292D007FC7C1 /* HotelView.swift in Sources */,
				C2ACAD172B34B5D4001ACD46 /* RoomCell.swift in Sources */,
				C22ACA1E2B38EAA7008364D5 /* BookingModel.swift in Sources */,
				C2037C272B2E2EF6007FC7C1 /* HotelModel.swift in Sources */,
				C2037C232B2E2C2F007FC7C1 /* Carousel.swift in Sources */,
				C22ACA1C2B38DDB2008364D5 /* ArrivalTable.swift in Sources */,
				C2DC54B62B32561A00C92C23 /* HotelDetailButtons.swift in Sources */,
				C2037C292B2E3186007FC7C1 /* BookingErrors.swift in Sources */,
				C2DC54AC2B2F3A3D00C92C23 /* StarsCell.swift in Sources */,
				C26E4EF72B32FD1F006820FD /* BlueButtonView.swift in Sources */,
				C22ACA182B378428008364D5 /* TouristViewTextFieldCell.swift in Sources */,
			);
			runOnlyForDeploymentPostprocessing = 0;
		};
/* End PBXSourcesBuildPhase section */

/* Begin XCBuildConfiguration section */
		C2037C1A2B2E1CFE007FC7C1 /* Debug */ = {
			isa = XCBuildConfiguration;
			buildSettings = {
				ALWAYS_SEARCH_USER_PATHS = NO;
				ASSETCATALOG_COMPILER_GENERATE_SWIFT_ASSET_SYMBOL_EXTENSIONS = YES;
				CLANG_ANALYZER_NONNULL = YES;
				CLANG_ANALYZER_NUMBER_OBJECT_CONVERSION = YES_AGGRESSIVE;
				CLANG_CXX_LANGUAGE_STANDARD = "gnu++20";
				CLANG_ENABLE_MODULES = YES;
				CLANG_ENABLE_OBJC_ARC = YES;
				CLANG_ENABLE_OBJC_WEAK = YES;
				CLANG_WARN_BLOCK_CAPTURE_AUTORELEASING = YES;
				CLANG_WARN_BOOL_CONVERSION = YES;
				CLANG_WARN_COMMA = YES;
				CLANG_WARN_CONSTANT_CONVERSION = YES;
				CLANG_WARN_DEPRECATED_OBJC_IMPLEMENTATIONS = YES;
				CLANG_WARN_DIRECT_OBJC_ISA_USAGE = YES_ERROR;
				CLANG_WARN_DOCUMENTATION_COMMENTS = YES;
				CLANG_WARN_EMPTY_BODY = YES;
				CLANG_WARN_ENUM_CONVERSION = YES;
				CLANG_WARN_INFINITE_RECURSION = YES;
				CLANG_WARN_INT_CONVERSION = YES;
				CLANG_WARN_NON_LITERAL_NULL_CONVERSION = YES;
				CLANG_WARN_OBJC_IMPLICIT_RETAIN_SELF = YES;
				CLANG_WARN_OBJC_LITERAL_CONVERSION = YES;
				CLANG_WARN_OBJC_ROOT_CLASS = YES_ERROR;
				CLANG_WARN_QUOTED_INCLUDE_IN_FRAMEWORK_HEADER = YES;
				CLANG_WARN_RANGE_LOOP_ANALYSIS = YES;
				CLANG_WARN_STRICT_PROTOTYPES = YES;
				CLANG_WARN_SUSPICIOUS_MOVE = YES;
				CLANG_WARN_UNGUARDED_AVAILABILITY = YES_AGGRESSIVE;
				CLANG_WARN_UNREACHABLE_CODE = YES;
				CLANG_WARN__DUPLICATE_METHOD_MATCH = YES;
				COPY_PHASE_STRIP = NO;
				DEBUG_INFORMATION_FORMAT = dwarf;
				ENABLE_STRICT_OBJC_MSGSEND = YES;
				ENABLE_TESTABILITY = YES;
				ENABLE_USER_SCRIPT_SANDBOXING = YES;
				GCC_C_LANGUAGE_STANDARD = gnu17;
				GCC_DYNAMIC_NO_PIC = NO;
				GCC_NO_COMMON_BLOCKS = YES;
				GCC_OPTIMIZATION_LEVEL = 0;
				GCC_PREPROCESSOR_DEFINITIONS = (
					"DEBUG=1",
					"$(inherited)",
				);
				GCC_WARN_64_TO_32_BIT_CONVERSION = YES;
				GCC_WARN_ABOUT_RETURN_TYPE = YES_ERROR;
				GCC_WARN_UNDECLARED_SELECTOR = YES;
				GCC_WARN_UNINITIALIZED_AUTOS = YES_AGGRESSIVE;
				GCC_WARN_UNUSED_FUNCTION = YES;
				GCC_WARN_UNUSED_VARIABLE = YES;
				IPHONEOS_DEPLOYMENT_TARGET = 17.2;
				LOCALIZATION_PREFERS_STRING_CATALOGS = YES;
				MTL_ENABLE_DEBUG_INFO = INCLUDE_SOURCE;
				MTL_FAST_MATH = YES;
				ONLY_ACTIVE_ARCH = YES;
				SDKROOT = iphoneos;
				SWIFT_ACTIVE_COMPILATION_CONDITIONS = "DEBUG $(inherited)";
				SWIFT_OPTIMIZATION_LEVEL = "-Onone";
			};
			name = Debug;
		};
		C2037C1B2B2E1CFE007FC7C1 /* Release */ = {
			isa = XCBuildConfiguration;
			buildSettings = {
				ALWAYS_SEARCH_USER_PATHS = NO;
				ASSETCATALOG_COMPILER_GENERATE_SWIFT_ASSET_SYMBOL_EXTENSIONS = YES;
				CLANG_ANALYZER_NONNULL = YES;
				CLANG_ANALYZER_NUMBER_OBJECT_CONVERSION = YES_AGGRESSIVE;
				CLANG_CXX_LANGUAGE_STANDARD = "gnu++20";
				CLANG_ENABLE_MODULES = YES;
				CLANG_ENABLE_OBJC_ARC = YES;
				CLANG_ENABLE_OBJC_WEAK = YES;
				CLANG_WARN_BLOCK_CAPTURE_AUTORELEASING = YES;
				CLANG_WARN_BOOL_CONVERSION = YES;
				CLANG_WARN_COMMA = YES;
				CLANG_WARN_CONSTANT_CONVERSION = YES;
				CLANG_WARN_DEPRECATED_OBJC_IMPLEMENTATIONS = YES;
				CLANG_WARN_DIRECT_OBJC_ISA_USAGE = YES_ERROR;
				CLANG_WARN_DOCUMENTATION_COMMENTS = YES;
				CLANG_WARN_EMPTY_BODY = YES;
				CLANG_WARN_ENUM_CONVERSION = YES;
				CLANG_WARN_INFINITE_RECURSION = YES;
				CLANG_WARN_INT_CONVERSION = YES;
				CLANG_WARN_NON_LITERAL_NULL_CONVERSION = YES;
				CLANG_WARN_OBJC_IMPLICIT_RETAIN_SELF = YES;
				CLANG_WARN_OBJC_LITERAL_CONVERSION = YES;
				CLANG_WARN_OBJC_ROOT_CLASS = YES_ERROR;
				CLANG_WARN_QUOTED_INCLUDE_IN_FRAMEWORK_HEADER = YES;
				CLANG_WARN_RANGE_LOOP_ANALYSIS = YES;
				CLANG_WARN_STRICT_PROTOTYPES = YES;
				CLANG_WARN_SUSPICIOUS_MOVE = YES;
				CLANG_WARN_UNGUARDED_AVAILABILITY = YES_AGGRESSIVE;
				CLANG_WARN_UNREACHABLE_CODE = YES;
				CLANG_WARN__DUPLICATE_METHOD_MATCH = YES;
				COPY_PHASE_STRIP = NO;
				DEBUG_INFORMATION_FORMAT = "dwarf-with-dsym";
				ENABLE_NS_ASSERTIONS = NO;
				ENABLE_STRICT_OBJC_MSGSEND = YES;
				ENABLE_USER_SCRIPT_SANDBOXING = YES;
				GCC_C_LANGUAGE_STANDARD = gnu17;
				GCC_NO_COMMON_BLOCKS = YES;
				GCC_WARN_64_TO_32_BIT_CONVERSION = YES;
				GCC_WARN_ABOUT_RETURN_TYPE = YES_ERROR;
				GCC_WARN_UNDECLARED_SELECTOR = YES;
				GCC_WARN_UNINITIALIZED_AUTOS = YES_AGGRESSIVE;
				GCC_WARN_UNUSED_FUNCTION = YES;
				GCC_WARN_UNUSED_VARIABLE = YES;
				IPHONEOS_DEPLOYMENT_TARGET = 17.2;
				LOCALIZATION_PREFERS_STRING_CATALOGS = YES;
				MTL_ENABLE_DEBUG_INFO = NO;
				MTL_FAST_MATH = YES;
				SDKROOT = iphoneos;
				SWIFT_COMPILATION_MODE = wholemodule;
				VALIDATE_PRODUCT = YES;
			};
			name = Release;
		};
		C2037C1D2B2E1CFE007FC7C1 /* Debug */ = {
			isa = XCBuildConfiguration;
			buildSettings = {
				ASSETCATALOG_COMPILER_APPICON_NAME = AppIcon;
				ASSETCATALOG_COMPILER_GLOBAL_ACCENT_COLOR_NAME = AccentColor;
				CODE_SIGN_STYLE = Automatic;
				CURRENT_PROJECT_VERSION = 1;
				DEVELOPMENT_ASSET_PATHS = "\"BookingHotelTestApp/Preview Content\"";
				DEVELOPMENT_TEAM = P63W4G74K2;
				ENABLE_PREVIEWS = YES;
				GENERATE_INFOPLIST_FILE = YES;
				INFOPLIST_KEY_UIApplicationSceneManifest_Generation = YES;
				INFOPLIST_KEY_UIApplicationSupportsIndirectInputEvents = YES;
				INFOPLIST_KEY_UILaunchScreen_Generation = YES;
				INFOPLIST_KEY_UISupportedInterfaceOrientations_iPad = "UIInterfaceOrientationPortrait UIInterfaceOrientationPortraitUpsideDown UIInterfaceOrientationLandscapeLeft UIInterfaceOrientationLandscapeRight";
				INFOPLIST_KEY_UISupportedInterfaceOrientations_iPhone = "UIInterfaceOrientationPortrait UIInterfaceOrientationLandscapeLeft UIInterfaceOrientationLandscapeRight";
				LD_RUNPATH_SEARCH_PATHS = (
					"$(inherited)",
					"@executable_path/Frameworks",
				);
				MARKETING_VERSION = 1.0;
				PRODUCT_BUNDLE_IDENTIFIER = com.musashojen.MySelf.BookingHotelTestApp;
				PRODUCT_NAME = "$(TARGET_NAME)";
				SWIFT_EMIT_LOC_STRINGS = YES;
				SWIFT_VERSION = 5.0;
				TARGETED_DEVICE_FAMILY = "1,2";
			};
			name = Debug;
		};
		C2037C1E2B2E1CFE007FC7C1 /* Release */ = {
			isa = XCBuildConfiguration;
			buildSettings = {
				ASSETCATALOG_COMPILER_APPICON_NAME = AppIcon;
				ASSETCATALOG_COMPILER_GLOBAL_ACCENT_COLOR_NAME = AccentColor;
				CODE_SIGN_STYLE = Automatic;
				CURRENT_PROJECT_VERSION = 1;
				DEVELOPMENT_ASSET_PATHS = "\"BookingHotelTestApp/Preview Content\"";
				DEVELOPMENT_TEAM = P63W4G74K2;
				ENABLE_PREVIEWS = YES;
				GENERATE_INFOPLIST_FILE = YES;
				INFOPLIST_KEY_UIApplicationSceneManifest_Generation = YES;
				INFOPLIST_KEY_UIApplicationSupportsIndirectInputEvents = YES;
				INFOPLIST_KEY_UILaunchScreen_Generation = YES;
				INFOPLIST_KEY_UISupportedInterfaceOrientations_iPad = "UIInterfaceOrientationPortrait UIInterfaceOrientationPortraitUpsideDown UIInterfaceOrientationLandscapeLeft UIInterfaceOrientationLandscapeRight";
				INFOPLIST_KEY_UISupportedInterfaceOrientations_iPhone = "UIInterfaceOrientationPortrait UIInterfaceOrientationLandscapeLeft UIInterfaceOrientationLandscapeRight";
				LD_RUNPATH_SEARCH_PATHS = (
					"$(inherited)",
					"@executable_path/Frameworks",
				);
				MARKETING_VERSION = 1.0;
				PRODUCT_BUNDLE_IDENTIFIER = com.musashojen.MySelf.BookingHotelTestApp;
				PRODUCT_NAME = "$(TARGET_NAME)";
				SWIFT_EMIT_LOC_STRINGS = YES;
				SWIFT_VERSION = 5.0;
				TARGETED_DEVICE_FAMILY = "1,2";
			};
			name = Release;
		};
/* End XCBuildConfiguration section */

/* Begin XCConfigurationList section */
		C2037C092B2E1CFC007FC7C1 /* Build configuration list for PBXProject "BookingHotelTestApp" */ = {
			isa = XCConfigurationList;
			buildConfigurations = (
				C2037C1A2B2E1CFE007FC7C1 /* Debug */,
				C2037C1B2B2E1CFE007FC7C1 /* Release */,
			);
			defaultConfigurationIsVisible = 0;
			defaultConfigurationName = Release;
		};
		C2037C1C2B2E1CFE007FC7C1 /* Build configuration list for PBXNativeTarget "BookingHotelTestApp" */ = {
			isa = XCConfigurationList;
			buildConfigurations = (
				C2037C1D2B2E1CFE007FC7C1 /* Debug */,
				C2037C1E2B2E1CFE007FC7C1 /* Release */,
			);
			defaultConfigurationIsVisible = 0;
			defaultConfigurationName = Release;
		};
/* End XCConfigurationList section */
	};
	rootObject = C2037C062B2E1CFC007FC7C1 /* Project object */;
}
